
Microsoft Visual Studio Solution File, Format Version 12.00
# Visual Studio Version 17
VisualStudioVersion = 17.4.33122.133
MinimumVisualStudioVersion = 10.0.40219.1
Project("{FAE04EC0-301F-11D3-BF4B-00C04F79EFBC}") = "MGSV_SaveTranslator", "MGSV_SaveTranslator\MGSV_SaveTranslator.csproj", "{EECACA65-86E4-485B-AA4D-1D9B805B63A3}"
	ProjectSection(ProjectDependencies) = postProject
		{5B8C3D76-BFC9-4362-855E-E2D19D265E46} = {5B8C3D76-BFC9-4362-855E-E2D19D265E46}
	EndProjectSection
EndProject
Project("{FAE04EC0-301F-11D3-BF4B-00C04F79EFBC}") = "MGSVST_Core", "MGSVST_Core\MGSVST_Core.csproj", "{5B8C3D76-BFC9-4362-855E-E2D19D265E46}"
EndProject
Global
	GlobalSection(SolutionConfigurationPlatforms) = preSolution
		Debug|Any CPU = Debug|Any CPU
		Release|Any CPU = Release|Any CPU
	EndGlobalSection
	GlobalSection(ProjectConfigurationPlatforms) = postSolution
		{EECACA65-86E4-485B-AA4D-1D9B805B63A3}.Debug|Any CPU.ActiveCfg = Debug|Any CPU
		{EECACA65-86E4-485B-AA4D-1D9B805B63A3}.Debug|Any CPU.Build.0 = Debug|Any CPU
		{EECACA65-86E4-485B-AA4D-1D9B805B63A3}.Release|Any CPU.ActiveCfg = Release|Any CPU
		{EECACA65-86E4-485B-AA4D-1D9B805B63A3}.Release|Any CPU.Build.0 = Release|Any CPU
		{5B8C3D76-BFC9-4362-855E-E2D19D265E46}.Debug|Any CPU.ActiveCfg = Debug|Any CPU
		{5B8C3D76-BFC9-4362-855E-E2D19D265E46}.Debug|Any CPU.Build.0 = Debug|Any CPU
		{5B8C3D76-BFC9-4362-855E-E2D19D265E46}.Release|Any CPU.ActiveCfg = Release|Any CPU
		{5B8C3D76-BFC9-4362-855E-E2D19D265E46}.Release|Any CPU.Build.0 = Release|Any CPU
	EndGlobalSection
	GlobalSection(SolutionProperties) = preSolution
		HideSolutionNode = FALSE
	EndGlobalSection
	GlobalSection(ExtensibilityGlobals) = postSolution
		SolutionGuid = {ACD3EE2A-DDA6-4AF7-9FAC-99688F70562A}
	EndGlobalSection
EndGlobal
